
Microsoft Visual Studio Solution File, Format Version 12.00
# Visual Studio Version 16
VisualStudioVersion = 16.0.30611.23
MinimumVisualStudioVersion = 10.0.40219.1
Project("{FAE04EC0-301F-11D3-BF4B-00C04F79EFBC}") = "ApiDemoConsoleApplication", "ApiDemoConsoleApplication\ApiDemoConsoleApplication.csproj", "{E21147D0-0A44-44F9-B1AB-7E6450C07361}"
EndProject
Global
	GlobalSection(SolutionConfigurationPlatforms) = preSolution
		Debug|Any CPU = Debug|Any CPU
		Release|Any CPU = Release|Any CPU
	EndGlobalSection
	GlobalSection(ProjectConfigurationPlatforms) = postSolution
		{E21147D0-0A44-44F9-B1AB-7E6450C07361}.Debug|Any CPU.ActiveCfg = Debug|Any CPU
		{E21147D0-0A44-44F9-B1AB-7E6450C07361}.Debug|Any CPU.Build.0 = Debug|Any CPU
		{E21147D0-0A44-44F9-B1AB-7E6450C07361}.Release|Any CPU.ActiveCfg = Release|Any CPU
		{E21147D0-0A44-44F9-B1AB-7E6450C07361}.Release|Any CPU.Build.0 = Release|Any CPU
	EndGlobalSection
	GlobalSection(SolutionProperties) = preSolution
		HideSolutionNode = FALSE
	EndGlobalSection
	GlobalSection(ExtensibilityGlobals) = postSolution
		SolutionGuid = {0D1EDC45-EFE0-40B1-AE47-2AA036DF8EA1}
	EndGlobalSection
EndGlobal
